
Microsoft Visual Studio Solution File, Format Version 12.00
# Visual Studio Version 16
VisualStudioVersion = 16.0.31515.178
MinimumVisualStudioVersion = 10.0.40219.1
Project("{FAE04EC0-301F-11D3-BF4B-00C04F79EFBC}") = "FundooNotes", "FundooNotes\FundooNotes.csproj", "{D1C4B72B-8F14-42DB-8046-B57CBFC5662C}"
EndProject
Project("{FAE04EC0-301F-11D3-BF4B-00C04F79EFBC}") = "Manager", "Manager\Manager.csproj", "{FAB1BEAB-0F1E-4CC5-BB96-A7A8949259C2}"
EndProject
Project("{FAE04EC0-301F-11D3-BF4B-00C04F79EFBC}") = "Repository", "Repository\Repository.csproj", "{1FAFBDBD-B2A6-43AC-8DD5-0F3AFD539F49}"
EndProject
Project("{FAE04EC0-301F-11D3-BF4B-00C04F79EFBC}") = "Models", "Models\Models.csproj", "{FD207405-88B3-4510-A88B-1322C202D0EE}"
EndProject
Global
	GlobalSection(SolutionConfigurationPlatforms) = preSolution
		Debug|Any CPU = Debug|Any CPU
		Release|Any CPU = Release|Any CPU
	EndGlobalSection
	GlobalSection(ProjectConfigurationPlatforms) = postSolution
		{D1C4B72B-8F14-42DB-8046-B57CBFC5662C}.Debug|Any CPU.ActiveCfg = Debug|Any CPU
		{D1C4B72B-8F14-42DB-8046-B57CBFC5662C}.Debug|Any CPU.Build.0 = Debug|Any CPU
		{D1C4B72B-8F14-42DB-8046-B57CBFC5662C}.Release|Any CPU.ActiveCfg = Release|Any CPU
		{D1C4B72B-8F14-42DB-8046-B57CBFC5662C}.Release|Any CPU.Build.0 = Release|Any CPU
		{FAB1BEAB-0F1E-4CC5-BB96-A7A8949259C2}.Debug|Any CPU.ActiveCfg = Debug|Any CPU
		{FAB1BEAB-0F1E-4CC5-BB96-A7A8949259C2}.Debug|Any CPU.Build.0 = Debug|Any CPU
		{FAB1BEAB-0F1E-4CC5-BB96-A7A8949259C2}.Release|Any CPU.ActiveCfg = Release|Any CPU
		{FAB1BEAB-0F1E-4CC5-BB96-A7A8949259C2}.Release|Any CPU.Build.0 = Release|Any CPU
		{1FAFBDBD-B2A6-43AC-8DD5-0F3AFD539F49}.Debug|Any CPU.ActiveCfg = Debug|Any CPU
		{1FAFBDBD-B2A6-43AC-8DD5-0F3AFD539F49}.Debug|Any CPU.Build.0 = Debug|Any CPU
		{1FAFBDBD-B2A6-43AC-8DD5-0F3AFD539F49}.Release|Any CPU.ActiveCfg = Release|Any CPU
		{1FAFBDBD-B2A6-43AC-8DD5-0F3AFD539F49}.Release|Any CPU.Build.0 = Release|Any CPU
		{FD207405-88B3-4510-A88B-1322C202D0EE}.Debug|Any CPU.ActiveCfg = Debug|Any CPU
		{FD207405-88B3-4510-A88B-1322C202D0EE}.Debug|Any CPU.Build.0 = Debug|Any CPU
		{FD207405-88B3-4510-A88B-1322C202D0EE}.Release|Any CPU.ActiveCfg = Release|Any CPU
		{FD207405-88B3-4510-A88B-1322C202D0EE}.Release|Any CPU.Build.0 = Release|Any CPU
	EndGlobalSection
	GlobalSection(SolutionProperties) = preSolution
		HideSolutionNode = FALSE
	EndGlobalSection
	GlobalSection(ExtensibilityGlobals) = postSolution
		SolutionGuid = {D8E249F6-0F22-458A-8D1A-9B61236BA67F}
	EndGlobalSection
EndGlobal
